// !$*UTF8*$!
{
	archiveVersion = 1;
	classes = {
	};
	objectVersion = 46;
	objects = {

/* Begin PBXBuildFile section */
		321B9EC21AB830C1006B0560 /* AFHTTPRequestOperation.m in Sources */ = {isa = PBXBuildFile; fileRef = 321B9EAE1AB830C1006B0560 /* AFHTTPRequestOperation.m */; };
		321B9EC31AB830C1006B0560 /* AFHTTPRequestOperationManager.m in Sources */ = {isa = PBXBuildFile; fileRef = 321B9EB01AB830C1006B0560 /* AFHTTPRequestOperationManager.m */; };
		321B9EC41AB830C1006B0560 /* AFHTTPSessionManager.m in Sources */ = {isa = PBXBuildFile; fileRef = 321B9EB21AB830C1006B0560 /* AFHTTPSessionManager.m */; };
		321B9EC51AB830C1006B0560 /* AFNetworkReachabilityManager.m in Sources */ = {isa = PBXBuildFile; fileRef = 321B9EB51AB830C1006B0560 /* AFNetworkReachabilityManager.m */; };
		321B9EC61AB830C1006B0560 /* AFSecurityPolicy.m in Sources */ = {isa = PBXBuildFile; fileRef = 321B9EB71AB830C1006B0560 /* AFSecurityPolicy.m */; };
		321B9EC71AB830C1006B0560 /* AFURLConnectionOperation.m in Sources */ = {isa = PBXBuildFile; fileRef = 321B9EB91AB830C1006B0560 /* AFURLConnectionOperation.m */; };
		321B9EC81AB830C1006B0560 /* AFURLRequestSerialization.m in Sources */ = {isa = PBXBuildFile; fileRef = 321B9EBB1AB830C1006B0560 /* AFURLRequestSerialization.m */; };
		321B9EC91AB830C1006B0560 /* AFURLResponseSerialization.m in Sources */ = {isa = PBXBuildFile; fileRef = 321B9EBD1AB830C1006B0560 /* AFURLResponseSerialization.m */; };
		321B9ECA1AB830C1006B0560 /* AFURLSessionManager.m in Sources */ = {isa = PBXBuildFile; fileRef = 321B9EBF1AB830C1006B0560 /* AFURLSessionManager.m */; };
		321B9ECB1AB830C1006B0560 /* AFNetworkTool.m in Sources */ = {isa = PBXBuildFile; fileRef = 321B9EC11AB830C1006B0560 /* AFNetworkTool.m */; };
		321B9ECD1AB8318F006B0560 /* base.plist in Resources */ = {isa = PBXBuildFile; fileRef = 321B9ECC1AB8318F006B0560 /* base.plist */; };
		32AFCC181AB69CAF00227469 /* main.m in Sources */ = {isa = PBXBuildFile; fileRef = 32AFCC171AB69CAF00227469 /* main.m */; };
		32AFCC1B1AB69CAF00227469 /* AppDelegate.m in Sources */ = {isa = PBXBuildFile; fileRef = 32AFCC1A1AB69CAF00227469 /* AppDelegate.m */; };
		32AFCC1E1AB69CAF00227469 /* HomeViewController.m in Sources */ = {isa = PBXBuildFile; fileRef = 32AFCC1D1AB69CAF00227469 /* HomeViewController.m */; };
		32AFCC211AB69CAF00227469 /* NearbyViewController.m in Sources */ = {isa = PBXBuildFile; fileRef = 32AFCC201AB69CAF00227469 /* NearbyViewController.m */; };
		32AFCC241AB69CAF00227469 /* Main.storyboard in Resources */ = {isa = PBXBuildFile; fileRef = 32AFCC221AB69CAF00227469 /* Main.storyboard */; };
		32AFCC261AB69CAF00227469 /* Images.xcassets in Resources */ = {isa = PBXBuildFile; fileRef = 32AFCC251AB69CAF00227469 /* Images.xcassets */; };
		32AFCC291AB69CAF00227469 /* LaunchScreen.xib in Resources */ = {isa = PBXBuildFile; fileRef = 32AFCC271AB69CAF00227469 /* LaunchScreen.xib */; };
		32AFCC351AB69CAF00227469 /* easyshanghaiTests.m in Sources */ = {isa = PBXBuildFile; fileRef = 32AFCC341AB69CAF00227469 /* easyshanghaiTests.m */; };
		32AFCC781AB69FA800227469 /* btn-next.png in Resources */ = {isa = PBXBuildFile; fileRef = 32AFCC401AB69FA800227469 /* btn-next.png */; };
		32AFCC791AB69FA800227469 /* btn-prev.png in Resources */ = {isa = PBXBuildFile; fileRef = 32AFCC411AB69FA800227469 /* btn-prev.png */; };
		32AFCC7A1AB69FA800227469 /* Default-568h@2x.png in Resources */ = {isa = PBXBuildFile; fileRef = 32AFCC421AB69FA800227469 /* Default-568h@2x.png */; };
		32AFCC7B1AB69FA800227469 /* Default-667h@2x.png in Resources */ = {isa = PBXBuildFile; fileRef = 32AFCC431AB69FA800227469 /* Default-667h@2x.png */; };
		32AFCC7C1AB69FA800227469 /* Default.png in Resources */ = {isa = PBXBuildFile; fileRef = 32AFCC441AB69FA800227469 /* Default.png */; };
		32AFCC7D1AB69FA800227469 /* Default@2x.png in Resources */ = {isa = PBXBuildFile; fileRef = 32AFCC451AB69FA800227469 /* Default@2x.png */; };
		32AFCC7E1AB69FA800227469 /* home-activity.jpg in Resources */ = {isa = PBXBuildFile; fileRef = 32AFCC461AB69FA800227469 /* home-activity.jpg */; };
		32AFCC7F1AB69FA800227469 /* home-ad1.jpg in Resources */ = {isa = PBXBuildFile; fileRef = 32AFCC471AB69FA800227469 /* home-ad1.jpg */; };
		32AFCC801AB69FA800227469 /* home-ad2.jpg in Resources */ = {isa = PBXBuildFile; fileRef = 32AFCC481AB69FA800227469 /* home-ad2.jpg */; };
		32AFCC811AB69FA800227469 /* home-ad3.jpg in Resources */ = {isa = PBXBuildFile; fileRef = 32AFCC491AB69FA800227469 /* home-ad3.jpg */; };
		32AFCC821AB69FA800227469 /* home-banner.jpg in Resources */ = {isa = PBXBuildFile; fileRef = 32AFCC4A1AB69FA800227469 /* home-banner.jpg */; };
		32AFCC831AB69FA800227469 /* icon-add.png in Resources */ = {isa = PBXBuildFile; fileRef = 32AFCC4B1AB69FA800227469 /* icon-add.png */; };
		32AFCC841AB69FA800227469 /* icon-booking.png in Resources */ = {isa = PBXBuildFile; fileRef = 32AFCC4C1AB69FA800227469 /* icon-booking.png */; };
		32AFCC851AB69FA800227469 /* icon-delivery.png in Resources */ = {isa = PBXBuildFile; fileRef = 32AFCC4D1AB69FA800227469 /* icon-delivery.png */; };
		32AFCC861AB69FA800227469 /* icon-detail-booking.png in Resources */ = {isa = PBXBuildFile; fileRef = 32AFCC4E1AB69FA800227469 /* icon-detail-booking.png */; };
		32AFCC871AB69FA800227469 /* icon-detail-call.png in Resources */ = {isa = PBXBuildFile; fileRef = 32AFCC4F1AB69FA800227469 /* icon-detail-call.png */; };
		32AFCC881AB69FA800227469 /* icon-detail-explore.png in Resources */ = {isa = PBXBuildFile; fileRef = 32AFCC501AB69FA800227469 /* icon-detail-explore.png */; };
		32AFCC891AB69FA800227469 /* icon-detail-favorite.png in Resources */ = {isa = PBXBuildFile; fileRef = 32AFCC511AB69FA800227469 /* icon-detail-favorite.png */; };
		32AFCC8A1AB69FA800227469 /* icon-detail-location.png in Resources */ = {isa = PBXBuildFile; fileRef = 32AFCC521AB69FA800227469 /* icon-detail-location.png */; };
		32AFCC8B1AB69FA800227469 /* icon-detail-message.png in Resources */ = {isa = PBXBuildFile; fileRef = 32AFCC531AB69FA800227469 /* icon-detail-message.png */; };
		32AFCC8C1AB69FA800227469 /* icon-detail-photo.png in Resources */ = {isa = PBXBuildFile; fileRef = 32AFCC541AB69FA800227469 /* icon-detail-photo.png */; };
		32AFCC8D1AB69FA800227469 /* icon-detail-review.png in Resources */ = {isa = PBXBuildFile; fileRef = 32AFCC551AB69FA800227469 /* icon-detail-review.png */; };
		32AFCC8E1AB69FA800227469 /* icon-detail-taxi.png in Resources */ = {isa = PBXBuildFile; fileRef = 32AFCC561AB69FA800227469 /* icon-detail-taxi.png */; };
		32AFCC8F1AB69FA800227469 /* icon-detail-time.png in Resources */ = {isa = PBXBuildFile; fileRef = 32AFCC571AB69FA800227469 /* icon-detail-time.png */; };
		32AFCC901AB69FA800227469 /* icon-detail-wechat.png in Resources */ = {isa = PBXBuildFile; fileRef = 32AFCC581AB69FA800227469 /* icon-detail-wechat.png */; };
		32AFCC911AB69FA800227469 /* icon-event.png in Resources */ = {isa = PBXBuildFile; fileRef = 32AFCC591AB69FA800227469 /* icon-event.png */; };
		32AFCC921AB69FA800227469 /* icon-promotion.png in Resources */ = {isa = PBXBuildFile; fileRef = 32AFCC5A1AB69FA800227469 /* icon-promotion.png */; };
		32AFCC931AB69FA800227469 /* icon-restaurant.png in Resources */ = {isa = PBXBuildFile; fileRef = 32AFCC5B1AB69FA800227469 /* icon-restaurant.png */; };
		32AFCC941AB69FA800227469 /* icon-search.png in Resources */ = {isa = PBXBuildFile; fileRef = 32AFCC5C1AB69FA800227469 /* icon-search.png */; };
		32AFCC951AB69FA800227469 /* icon-shop-comments.png in Resources */ = {isa = PBXBuildFile; fileRef = 32AFCC5D1AB69FA800227469 /* icon-shop-comments.png */; };
		32AFCC961AB69FA800227469 /* icon-shop-favorite.png in Resources */ = {isa = PBXBuildFile; fileRef = 32AFCC5E1AB69FA800227469 /* icon-shop-favorite.png */; };
		32AFCC971AB69FA800227469 /* logo.png in Resources */ = {isa = PBXBuildFile; fileRef = 32AFCC5F1AB69FA800227469 /* logo.png */; };
		32AFCC981AB69FA800227469 /* nav-bg.png in Resources */ = {isa = PBXBuildFile; fileRef = 32AFCC601AB69FA800227469 /* nav-bg.png */; };
		32AFCC991AB69FA800227469 /* nav-bg@2x.png in Resources */ = {isa = PBXBuildFile; fileRef = 32AFCC611AB69FA800227469 /* nav-bg@2x.png */; };
		32AFCC9A1AB69FA800227469 /* nav-home.png in Resources */ = {isa = PBXBuildFile; fileRef = 32AFCC621AB69FA800227469 /* nav-home.png */; };
		32AFCC9B1AB69FA800227469 /* nav-home@2x.png in Resources */ = {isa = PBXBuildFile; fileRef = 32AFCC631AB69FA800227469 /* nav-home@2x.png */; };
		32AFCC9C1AB69FA800227469 /* nav-home@3x.png in Resources */ = {isa = PBXBuildFile; fileRef = 32AFCC641AB69FA800227469 /* nav-home@3x.png */; };
		32AFCC9D1AB69FA800227469 /* nav-me.png in Resources */ = {isa = PBXBuildFile; fileRef = 32AFCC651AB69FA800227469 /* nav-me.png */; };
		32AFCC9E1AB69FA800227469 /* nav-me@2x.png in Resources */ = {isa = PBXBuildFile; fileRef = 32AFCC661AB69FA800227469 /* nav-me@2x.png */; };
		32AFCC9F1AB69FA800227469 /* nav-me@3x.png in Resources */ = {isa = PBXBuildFile; fileRef = 32AFCC671AB69FA800227469 /* nav-me@3x.png */; };
		32AFCCA01AB69FA800227469 /* nav-middle-bg.png in Resources */ = {isa = PBXBuildFile; fileRef = 32AFCC681AB69FA800227469 /* nav-middle-bg.png */; };
		32AFCCA11AB69FA800227469 /* nav-middle.png in Resources */ = {isa = PBXBuildFile; fileRef = 32AFCC691AB69FA800227469 /* nav-middle.png */; };
		32AFCCA21AB69FA800227469 /* nav-middle@2x.png in Resources */ = {isa = PBXBuildFile; fileRef = 32AFCC6A1AB69FA800227469 /* nav-middle@2x.png */; };
		32AFCCA31AB69FA800227469 /* nav-middle@3x.png in Resources */ = {isa = PBXBuildFile; fileRef = 32AFCC6B1AB69FA800227469 /* nav-middle@3x.png */; };
		32AFCCA41AB69FA800227469 /* nav-more.png in Resources */ = {isa = PBXBuildFile; fileRef = 32AFCC6C1AB69FA800227469 /* nav-more.png */; };
		32AFCCA51AB69FA800227469 /* nav-more@2x.png in Resources */ = {isa = PBXBuildFile; fileRef = 32AFCC6D1AB69FA800227469 /* nav-more@2x.png */; };
		32AFCCA61AB69FA800227469 /* nav-more@3x.png in Resources */ = {isa = PBXBuildFile; fileRef = 32AFCC6E1AB69FA800227469 /* nav-more@3x.png */; };
		32AFCCA71AB69FA800227469 /* nav-nearby.png in Resources */ = {isa = PBXBuildFile; fileRef = 32AFCC6F1AB69FA800227469 /* nav-nearby.png */; };
		32AFCCA81AB69FA800227469 /* nav-nearby@2x.png in Resources */ = {isa = PBXBuildFile; fileRef = 32AFCC701AB69FA800227469 /* nav-nearby@2x.png */; };
		32AFCCA91AB69FA800227469 /* nav-nearby@3x.png in Resources */ = {isa = PBXBuildFile; fileRef = 32AFCC711AB69FA800227469 /* nav-nearby@3x.png */; };
		32AFCCAA1AB69FA800227469 /* star0.png in Resources */ = {isa = PBXBuildFile; fileRef = 32AFCC721AB69FA800227469 /* star0.png */; };
		32AFCCAB1AB69FA800227469 /* star1.png in Resources */ = {isa = PBXBuildFile; fileRef = 32AFCC731AB69FA800227469 /* star1.png */; };
		32AFCCAC1AB69FA800227469 /* star2.png in Resources */ = {isa = PBXBuildFile; fileRef = 32AFCC741AB69FA800227469 /* star2.png */; };
		32AFCCAD1AB69FA800227469 /* star3.png in Resources */ = {isa = PBXBuildFile; fileRef = 32AFCC751AB69FA800227469 /* star3.png */; };
		32AFCCAE1AB69FA800227469 /* star4.png in Resources */ = {isa = PBXBuildFile; fileRef = 32AFCC761AB69FA800227469 /* star4.png */; };
		32AFCCAF1AB69FA800227469 /* star5.png in Resources */ = {isa = PBXBuildFile; fileRef = 32AFCC771AB69FA800227469 /* star5.png */; };
		32AFCCB21AB6A4BB00227469 /* TabBarViewController.m in Sources */ = {isa = PBXBuildFile; fileRef = 32AFCCB11AB6A4BB00227469 /* TabBarViewController.m */; };
		32AFCCB51AB6A8E400227469 /* BWCommon.m in Sources */ = {isa = PBXBuildFile; fileRef = 32AFCCB41AB6A8E400227469 /* BWCommon.m */; };
		32AFCCB91AB6C1BB00227469 /* HomeHeadView.m in Sources */ = {isa = PBXBuildFile; fileRef = 32AFCCB81AB6C1BB00227469 /* HomeHeadView.m */; };
		32B4B04A1B0B2BCC00723323 /* home-deals.png in Resources */ = {isa = PBXBuildFile; fileRef = 32B4B0461B0B2BCC00723323 /* home-deals.png */; };
		32B4B04B1B0B2BCC00723323 /* home-new.png in Resources */ = {isa = PBXBuildFile; fileRef = 32B4B0471B0B2BCC00723323 /* home-new.png */; };
		32B4B04C1B0B2BCC00723323 /* home-pickup.png in Resources */ = {isa = PBXBuildFile; fileRef = 32B4B0481B0B2BCC00723323 /* home-pickup.png */; };
		32B4B04D1B0B2BCC00723323 /* home-restaurant.png in Resources */ = {isa = PBXBuildFile; fileRef = 32B4B0491B0B2BCC00723323 /* home-restaurant.png */; };
		32B4B0501B0B3B1400723323 /* ReserveViewController.m in Sources */ = {isa = PBXBuildFile; fileRef = 32B4B04F1B0B3B1400723323 /* ReserveViewController.m */; };
		32B4B0541B0B4EFE00723323 /* reserve-date.png in Resources */ = {isa = PBXBuildFile; fileRef = 32B4B0511B0B4EFE00723323 /* reserve-date.png */; };
		32B4B0551B0B4EFE00723323 /* reserve-plus.png in Resources */ = {isa = PBXBuildFile; fileRef = 32B4B0521B0B4EFE00723323 /* reserve-plus.png */; };
		32B4B0561B0B4EFE00723323 /* reserve-time.png in Resources */ = {isa = PBXBuildFile; fileRef = 32B4B0531B0B4EFE00723323 /* reserve-time.png */; };
		32B4B05A1B0B551E00723323 /* BWUILabel.m in Sources */ = {isa = PBXBuildFile; fileRef = 32B4B0591B0B551E00723323 /* BWUILabel.m */; };
/* End PBXBuildFile section */

/* Begin PBXContainerItemProxy section */
		32AFCC2F1AB69CAF00227469 /* PBXContainerItemProxy */ = {
			isa = PBXContainerItemProxy;
			containerPortal = 32AFCC0A1AB69CAF00227469 /* Project object */;
			proxyType = 1;
			remoteGlobalIDString = 32AFCC111AB69CAF00227469;
			remoteInfo = easyshanghai;
		};
/* End PBXContainerItemProxy section */

/* Begin PBXFileReference section */
		321B9EAD1AB830C1006B0560 /* AFHTTPRequestOperation.h */ = {isa = PBXFileReference; fileEncoding = 4; lastKnownFileType = sourcecode.c.h; path = AFHTTPRequestOperation.h; sourceTree = "<group>"; };
		321B9EAE1AB830C1006B0560 /* AFHTTPRequestOperation.m */ = {isa = PBXFileReference; fileEncoding = 4; lastKnownFileType = sourcecode.c.objc; path = AFHTTPRequestOperation.m; sourceTree = "<group>"; };
		321B9EAF1AB830C1006B0560 /* AFHTTPRequestOperationManager.h */ = {isa = PBXFileReference; fileEncoding = 4; lastKnownFileType = sourcecode.c.h; path = AFHTTPRequestOperationManager.h; sourceTree = "<group>"; };
		321B9EB01AB830C1006B0560 /* AFHTTPRequestOperationManager.m */ = {isa = PBXFileReference; fileEncoding = 4; lastKnownFileType = sourcecode.c.objc; path = AFHTTPRequestOperationManager.m; sourceTree = "<group>"; };
		321B9EB11AB830C1006B0560 /* AFHTTPSessionManager.h */ = {isa = PBXFileReference; fileEncoding = 4; lastKnownFileType = sourcecode.c.h; path = AFHTTPSessionManager.h; sourceTree = "<group>"; };
		321B9EB21AB830C1006B0560 /* AFHTTPSessionManager.m */ = {isa = PBXFileReference; fileEncoding = 4; lastKnownFileType = sourcecode.c.objc; path = AFHTTPSessionManager.m; sourceTree = "<group>"; };
		321B9EB31AB830C1006B0560 /* AFNetworking.h */ = {isa = PBXFileReference; fileEncoding = 4; lastKnownFileType = sourcecode.c.h; path = AFNetworking.h; sourceTree = "<group>"; };
		321B9EB41AB830C1006B0560 /* AFNetworkReachabilityManager.h */ = {isa = PBXFileReference; fileEncoding = 4; lastKnownFileType = sourcecode.c.h; path = AFNetworkReachabilityManager.h; sourceTree = "<group>"; };
		321B9EB51AB830C1006B0560 /* AFNetworkReachabilityManager.m */ = {isa = PBXFileReference; fileEncoding = 4; lastKnownFileType = sourcecode.c.objc; path = AFNetworkReachabilityManager.m; sourceTree = "<group>"; };
		321B9EB61AB830C1006B0560 /* AFSecurityPolicy.h */ = {isa = PBXFileReference; fileEncoding = 4; lastKnownFileType = sourcecode.c.h; path = AFSecurityPolicy.h; sourceTree = "<group>"; };
		321B9EB71AB830C1006B0560 /* AFSecurityPolicy.m */ = {isa = PBXFileReference; fileEncoding = 4; lastKnownFileType = sourcecode.c.objc; path = AFSecurityPolicy.m; sourceTree = "<group>"; };
		321B9EB81AB830C1006B0560 /* AFURLConnectionOperation.h */ = {isa = PBXFileReference; fileEncoding = 4; lastKnownFileType = sourcecode.c.h; path = AFURLConnectionOperation.h; sourceTree = "<group>"; };
		321B9EB91AB830C1006B0560 /* AFURLConnectionOperation.m */ = {isa = PBXFileReference; fileEncoding = 4; lastKnownFileType = sourcecode.c.objc; path = AFURLConnectionOperation.m; sourceTree = "<group>"; };
		321B9EBA1AB830C1006B0560 /* AFURLRequestSerialization.h */ = {isa = PBXFileReference; fileEncoding = 4; lastKnownFileType = sourcecode.c.h; path = AFURLRequestSerialization.h; sourceTree = "<group>"; };
		321B9EBB1AB830C1006B0560 /* AFURLRequestSerialization.m */ = {isa = PBXFileReference; fileEncoding = 4; lastKnownFileType = sourcecode.c.objc; path = AFURLRequestSerialization.m; sourceTree = "<group>"; };
		321B9EBC1AB830C1006B0560 /* AFURLResponseSerialization.h */ = {isa = PBXFileReference; fileEncoding = 4; lastKnownFileType = sourcecode.c.h; path = AFURLResponseSerialization.h; sourceTree = "<group>"; };
		321B9EBD1AB830C1006B0560 /* AFURLResponseSerialization.m */ = {isa = PBXFileReference; fileEncoding = 4; lastKnownFileType = sourcecode.c.objc; path = AFURLResponseSerialization.m; sourceTree = "<group>"; };
		321B9EBE1AB830C1006B0560 /* AFURLSessionManager.h */ = {isa = PBXFileReference; fileEncoding = 4; lastKnownFileType = sourcecode.c.h; path = AFURLSessionManager.h; sourceTree = "<group>"; };
		321B9EBF1AB830C1006B0560 /* AFURLSessionManager.m */ = {isa = PBXFileReference; fileEncoding = 4; lastKnownFileType = sourcecode.c.objc; path = AFURLSessionManager.m; sourceTree = "<group>"; };
		321B9EC01AB830C1006B0560 /* AFNetworkTool.h */ = {isa = PBXFileReference; fileEncoding = 4; lastKnownFileType = sourcecode.c.h; path = AFNetworkTool.h; sourceTree = "<group>"; };
		321B9EC11AB830C1006B0560 /* AFNetworkTool.m */ = {isa = PBXFileReference; fileEncoding = 4; lastKnownFileType = sourcecode.c.objc; path = AFNetworkTool.m; sourceTree = "<group>"; };
		321B9ECC1AB8318F006B0560 /* base.plist */ = {isa = PBXFileReference; fileEncoding = 4; lastKnownFileType = text.plist.xml; path = base.plist; sourceTree = "<group>"; };
		32AFCC121AB69CAF00227469 /* easyshanghai.app */ = {isa = PBXFileReference; explicitFileType = wrapper.application; includeInIndex = 0; path = easyshanghai.app; sourceTree = BUILT_PRODUCTS_DIR; };
		32AFCC161AB69CAF00227469 /* Info.plist */ = {isa = PBXFileReference; lastKnownFileType = text.plist.xml; path = Info.plist; sourceTree = "<group>"; };
		32AFCC171AB69CAF00227469 /* main.m */ = {isa = PBXFileReference; lastKnownFileType = sourcecode.c.objc; path = main.m; sourceTree = "<group>"; };
		32AFCC191AB69CAF00227469 /* AppDelegate.h */ = {isa = PBXFileReference; lastKnownFileType = sourcecode.c.h; path = AppDelegate.h; sourceTree = "<group>"; };
		32AFCC1A1AB69CAF00227469 /* AppDelegate.m */ = {isa = PBXFileReference; lastKnownFileType = sourcecode.c.objc; path = AppDelegate.m; sourceTree = "<group>"; };
		32AFCC1C1AB69CAF00227469 /* HomeViewController.h */ = {isa = PBXFileReference; lastKnownFileType = sourcecode.c.h; path = HomeViewController.h; sourceTree = "<group>"; };
		32AFCC1D1AB69CAF00227469 /* HomeViewController.m */ = {isa = PBXFileReference; lastKnownFileType = sourcecode.c.objc; path = HomeViewController.m; sourceTree = "<group>"; };
		32AFCC1F1AB69CAF00227469 /* NearbyViewController.h */ = {isa = PBXFileReference; lastKnownFileType = sourcecode.c.h; path = NearbyViewController.h; sourceTree = "<group>"; };
		32AFCC201AB69CAF00227469 /* NearbyViewController.m */ = {isa = PBXFileReference; lastKnownFileType = sourcecode.c.objc; path = NearbyViewController.m; sourceTree = "<group>"; };
		32AFCC231AB69CAF00227469 /* Base */ = {isa = PBXFileReference; lastKnownFileType = file.storyboard; name = Base; path = Base.lproj/Main.storyboard; sourceTree = "<group>"; };
		32AFCC251AB69CAF00227469 /* Images.xcassets */ = {isa = PBXFileReference; lastKnownFileType = folder.assetcatalog; path = Images.xcassets; sourceTree = "<group>"; };
		32AFCC281AB69CAF00227469 /* Base */ = {isa = PBXFileReference; lastKnownFileType = file.xib; name = Base; path = Base.lproj/LaunchScreen.xib; sourceTree = "<group>"; };
		32AFCC2E1AB69CAF00227469 /* easyshanghaiTests.xctest */ = {isa = PBXFileReference; explicitFileType = wrapper.cfbundle; includeInIndex = 0; path = easyshanghaiTests.xctest; sourceTree = BUILT_PRODUCTS_DIR; };
		32AFCC331AB69CAF00227469 /* Info.plist */ = {isa = PBXFileReference; lastKnownFileType = text.plist.xml; path = Info.plist; sourceTree = "<group>"; };
		32AFCC341AB69CAF00227469 /* easyshanghaiTests.m */ = {isa = PBXFileReference; lastKnownFileType = sourcecode.c.objc; path = easyshanghaiTests.m; sourceTree = "<group>"; };
		32AFCC401AB69FA800227469 /* btn-next.png */ = {isa = PBXFileReference; lastKnownFileType = image.png; path = "btn-next.png"; sourceTree = "<group>"; };
		32AFCC411AB69FA800227469 /* btn-prev.png */ = {isa = PBXFileReference; lastKnownFileType = image.png; path = "btn-prev.png"; sourceTree = "<group>"; };
		32AFCC421AB69FA800227469 /* Default-568h@2x.png */ = {isa = PBXFileReference; lastKnownFileType = image.png; path = "Default-568h@2x.png"; sourceTree = "<group>"; };
		32AFCC431AB69FA800227469 /* Default-667h@2x.png */ = {isa = PBXFileReference; lastKnownFileType = image.png; path = "Default-667h@2x.png"; sourceTree = "<group>"; };
		32AFCC441AB69FA800227469 /* Default.png */ = {isa = PBXFileReference; lastKnownFileType = image.png; path = Default.png; sourceTree = "<group>"; };
		32AFCC451AB69FA800227469 /* Default@2x.png */ = {isa = PBXFileReference; lastKnownFileType = image.png; path = "Default@2x.png"; sourceTree = "<group>"; };
		32AFCC461AB69FA800227469 /* home-activity.jpg */ = {isa = PBXFileReference; lastKnownFileType = image.jpeg; path = "home-activity.jpg"; sourceTree = "<group>"; };
		32AFCC471AB69FA800227469 /* home-ad1.jpg */ = {isa = PBXFileReference; lastKnownFileType = image.jpeg; path = "home-ad1.jpg"; sourceTree = "<group>"; };
		32AFCC481AB69FA800227469 /* home-ad2.jpg */ = {isa = PBXFileReference; lastKnownFileType = image.jpeg; path = "home-ad2.jpg"; sourceTree = "<group>"; };
		32AFCC491AB69FA800227469 /* home-ad3.jpg */ = {isa = PBXFileReference; lastKnownFileType = image.jpeg; path = "home-ad3.jpg"; sourceTree = "<group>"; };
		32AFCC4A1AB69FA800227469 /* home-banner.jpg */ = {isa = PBXFileReference; lastKnownFileType = image.jpeg; path = "home-banner.jpg"; sourceTree = "<group>"; };
		32AFCC4B1AB69FA800227469 /* icon-add.png */ = {isa = PBXFileReference; lastKnownFileType = image.png; path = "icon-add.png"; sourceTree = "<group>"; };
		32AFCC4C1AB69FA800227469 /* icon-booking.png */ = {isa = PBXFileReference; lastKnownFileType = image.png; path = "icon-booking.png"; sourceTree = "<group>"; };
		32AFCC4D1AB69FA800227469 /* icon-delivery.png */ = {isa = PBXFileReference; lastKnownFileType = image.png; path = "icon-delivery.png"; sourceTree = "<group>"; };
		32AFCC4E1AB69FA800227469 /* icon-detail-booking.png */ = {isa = PBXFileReference; lastKnownFileType = image.png; path = "icon-detail-booking.png"; sourceTree = "<group>"; };
		32AFCC4F1AB69FA800227469 /* icon-detail-call.png */ = {isa = PBXFileReference; lastKnownFileType = image.png; path = "icon-detail-call.png"; sourceTree = "<group>"; };
		32AFCC501AB69FA800227469 /* icon-detail-explore.png */ = {isa = PBXFileReference; lastKnownFileType = image.png; path = "icon-detail-explore.png"; sourceTree = "<group>"; };
		32AFCC511AB69FA800227469 /* icon-detail-favorite.png */ = {isa = PBXFileReference; lastKnownFileType = image.png; path = "icon-detail-favorite.png"; sourceTree = "<group>"; };
		32AFCC521AB69FA800227469 /* icon-detail-location.png */ = {isa = PBXFileReference; lastKnownFileType = image.png; path = "icon-detail-location.png"; sourceTree = "<group>"; };
		32AFCC531AB69FA800227469 /* icon-detail-message.png */ = {isa = PBXFileReference; lastKnownFileType = image.png; path = "icon-detail-message.png"; sourceTree = "<group>"; };
		32AFCC541AB69FA800227469 /* icon-detail-photo.png */ = {isa = PBXFileReference; lastKnownFileType = image.png; path = "icon-detail-photo.png"; sourceTree = "<group>"; };
		32AFCC551AB69FA800227469 /* icon-detail-review.png */ = {isa = PBXFileReference; lastKnownFileType = image.png; path = "icon-detail-review.png"; sourceTree = "<group>"; };
		32AFCC561AB69FA800227469 /* icon-detail-taxi.png */ = {isa = PBXFileReference; lastKnownFileType = image.png; path = "icon-detail-taxi.png"; sourceTree = "<group>"; };
		32AFCC571AB69FA800227469 /* icon-detail-time.png */ = {isa = PBXFileReference; lastKnownFileType = image.png; path = "icon-detail-time.png"; sourceTree = "<group>"; };
		32AFCC581AB69FA800227469 /* icon-detail-wechat.png */ = {isa = PBXFileReference; lastKnownFileType = image.png; path = "icon-detail-wechat.png"; sourceTree = "<group>"; };
		32AFCC591AB69FA800227469 /* icon-event.png */ = {isa = PBXFileReference; lastKnownFileType = image.png; path = "icon-event.png"; sourceTree = "<group>"; };
		32AFCC5A1AB69FA800227469 /* icon-promotion.png */ = {isa = PBXFileReference; lastKnownFileType = image.png; path = "icon-promotion.png"; sourceTree = "<group>"; };
		32AFCC5B1AB69FA800227469 /* icon-restaurant.png */ = {isa = PBXFileReference; lastKnownFileType = image.png; path = "icon-restaurant.png"; sourceTree = "<group>"; };
		32AFCC5C1AB69FA800227469 /* icon-search.png */ = {isa = PBXFileReference; lastKnownFileType = image.png; path = "icon-search.png"; sourceTree = "<group>"; };
		32AFCC5D1AB69FA800227469 /* icon-shop-comments.png */ = {isa = PBXFileReference; lastKnownFileType = image.png; path = "icon-shop-comments.png"; sourceTree = "<group>"; };
		32AFCC5E1AB69FA800227469 /* icon-shop-favorite.png */ = {isa = PBXFileReference; lastKnownFileType = image.png; path = "icon-shop-favorite.png"; sourceTree = "<group>"; };
		32AFCC5F1AB69FA800227469 /* logo.png */ = {isa = PBXFileReference; lastKnownFileType = image.png; path = logo.png; sourceTree = "<group>"; };
		32AFCC601AB69FA800227469 /* nav-bg.png */ = {isa = PBXFileReference; lastKnownFileType = image.png; path = "nav-bg.png"; sourceTree = "<group>"; };
		32AFCC611AB69FA800227469 /* nav-bg@2x.png */ = {isa = PBXFileReference; lastKnownFileType = image.png; path = "nav-bg@2x.png"; sourceTree = "<group>"; };
		32AFCC621AB69FA800227469 /* nav-home.png */ = {isa = PBXFileReference; lastKnownFileType = image.png; path = "nav-home.png"; sourceTree = "<group>"; };
		32AFCC631AB69FA800227469 /* nav-home@2x.png */ = {isa = PBXFileReference; lastKnownFileType = image.png; path = "nav-home@2x.png"; sourceTree = "<group>"; };
		32AFCC641AB69FA800227469 /* nav-home@3x.png */ = {isa = PBXFileReference; lastKnownFileType = image.png; path = "nav-home@3x.png"; sourceTree = "<group>"; };
		32AFCC651AB69FA800227469 /* nav-me.png */ = {isa = PBXFileReference; lastKnownFileType = image.png; path = "nav-me.png"; sourceTree = "<group>"; };
		32AFCC661AB69FA800227469 /* nav-me@2x.png */ = {isa = PBXFileReference; lastKnownFileType = image.png; path = "nav-me@2x.png"; sourceTree = "<group>"; };
		32AFCC671AB69FA800227469 /* nav-me@3x.png */ = {isa = PBXFileReference; lastKnownFileType = image.png; path = "nav-me@3x.png"; sourceTree = "<group>"; };
		32AFCC681AB69FA800227469 /* nav-middle-bg.png */ = {isa = PBXFileReference; lastKnownFileType = image.png; path = "nav-middle-bg.png"; sourceTree = "<group>"; };
		32AFCC691AB69FA800227469 /* nav-middle.png */ = {isa = PBXFileReference; lastKnownFileType = image.png; path = "nav-middle.png"; sourceTree = "<group>"; };
		32AFCC6A1AB69FA800227469 /* nav-middle@2x.png */ = {isa = PBXFileReference; lastKnownFileType = image.png; path = "nav-middle@2x.png"; sourceTree = "<group>"; };
		32AFCC6B1AB69FA800227469 /* nav-middle@3x.png */ = {isa = PBXFileReference; lastKnownFileType = image.png; path = "nav-middle@3x.png"; sourceTree = "<group>"; };
		32AFCC6C1AB69FA800227469 /* nav-more.png */ = {isa = PBXFileReference; lastKnownFileType = image.png; path = "nav-more.png"; sourceTree = "<group>"; };
		32AFCC6D1AB69FA800227469 /* nav-more@2x.png */ = {isa = PBXFileReference; lastKnownFileType = image.png; path = "nav-more@2x.png"; sourceTree = "<group>"; };
		32AFCC6E1AB69FA800227469 /* nav-more@3x.png */ = {isa = PBXFileReference; lastKnownFileType = image.png; path = "nav-more@3x.png"; sourceTree = "<group>"; };
		32AFCC6F1AB69FA800227469 /* nav-nearby.png */ = {isa = PBXFileReference; lastKnownFileType = image.png; path = "nav-nearby.png"; sourceTree = "<group>"; };
		32AFCC701AB69FA800227469 /* nav-nearby@2x.png */ = {isa = PBXFileReference; lastKnownFileType = image.png; path = "nav-nearby@2x.png"; sourceTree = "<group>"; };
		32AFCC711AB69FA800227469 /* nav-nearby@3x.png */ = {isa = PBXFileReference; lastKnownFileType = image.png; path = "nav-nearby@3x.png"; sourceTree = "<group>"; };
		32AFCC721AB69FA800227469 /* star0.png */ = {isa = PBXFileReference; lastKnownFileType = image.png; path = star0.png; sourceTree = "<group>"; };
		32AFCC731AB69FA800227469 /* star1.png */ = {isa = PBXFileReference; lastKnownFileType = image.png; path = star1.png; sourceTree = "<group>"; };
		32AFCC741AB69FA800227469 /* star2.png */ = {isa = PBXFileReference; lastKnownFileType = image.png; path = star2.png; sourceTree = "<group>"; };
		32AFCC751AB69FA800227469 /* star3.png */ = {isa = PBXFileReference; lastKnownFileType = image.png; path = star3.png; sourceTree = "<group>"; };
		32AFCC761AB69FA800227469 /* star4.png */ = {isa = PBXFileReference; lastKnownFileType = image.png; path = star4.png; sourceTree = "<group>"; };
		32AFCC771AB69FA800227469 /* star5.png */ = {isa = PBXFileReference; lastKnownFileType = image.png; path = star5.png; sourceTree = "<group>"; };
		32AFCCB01AB6A4BB00227469 /* TabBarViewController.h */ = {isa = PBXFileReference; fileEncoding = 4; lastKnownFileType = sourcecode.c.h; path = TabBarViewController.h; sourceTree = "<group>"; };
		32AFCCB11AB6A4BB00227469 /* TabBarViewController.m */ = {isa = PBXFileReference; fileEncoding = 4; lastKnownFileType = sourcecode.c.objc; path = TabBarViewController.m; sourceTree = "<group>"; };
		32AFCCB41AB6A8E400227469 /* BWCommon.m */ = {isa = PBXFileReference; fileEncoding = 4; lastKnownFileType = sourcecode.c.objc; path = BWCommon.m; sourceTree = "<group>"; };
		32AFCCB61AB6A8F500227469 /* BWCommon.h */ = {isa = PBXFileReference; fileEncoding = 4; lastKnownFileType = sourcecode.c.h; path = BWCommon.h; sourceTree = "<group>"; };
		32AFCCB71AB6C1BB00227469 /* HomeHeadView.h */ = {isa = PBXFileReference; fileEncoding = 4; lastKnownFileType = sourcecode.c.h; path = HomeHeadView.h; sourceTree = "<group>"; };
		32AFCCB81AB6C1BB00227469 /* HomeHeadView.m */ = {isa = PBXFileReference; fileEncoding = 4; lastKnownFileType = sourcecode.c.objc; path = HomeHeadView.m; sourceTree = "<group>"; };
		32B4B0461B0B2BCC00723323 /* home-deals.png */ = {isa = PBXFileReference; lastKnownFileType = image.png; path = "home-deals.png"; sourceTree = "<group>"; };
		32B4B0471B0B2BCC00723323 /* home-new.png */ = {isa = PBXFileReference; lastKnownFileType = image.png; path = "home-new.png"; sourceTree = "<group>"; };
		32B4B0481B0B2BCC00723323 /* home-pickup.png */ = {isa = PBXFileReference; lastKnownFileType = image.png; path = "home-pickup.png"; sourceTree = "<group>"; };
		32B4B0491B0B2BCC00723323 /* home-restaurant.png */ = {isa = PBXFileReference; lastKnownFileType = image.png; path = "home-restaurant.png"; sourceTree = "<group>"; };
		32B4B04E1B0B3B1400723323 /* ReserveViewController.h */ = {isa = PBXFileReference; fileEncoding = 4; lastKnownFileType = sourcecode.c.h; path = ReserveViewController.h; sourceTree = "<group>"; };
		32B4B04F1B0B3B1400723323 /* ReserveViewController.m */ = {isa = PBXFileReference; fileEncoding = 4; lastKnownFileType = sourcecode.c.objc; path = ReserveViewController.m; sourceTree = "<group>"; };
		32B4B0511B0B4EFE00723323 /* reserve-date.png */ = {isa = PBXFileReference; lastKnownFileType = image.png; path = "reserve-date.png"; sourceTree = "<group>"; };
		32B4B0521B0B4EFE00723323 /* reserve-plus.png */ = {isa = PBXFileReference; lastKnownFileType = image.png; path = "reserve-plus.png"; sourceTree = "<group>"; };
		32B4B0531B0B4EFE00723323 /* reserve-time.png */ = {isa = PBXFileReference; lastKnownFileType = image.png; path = "reserve-time.png"; sourceTree = "<group>"; };
		32B4B0581B0B551E00723323 /* BWUILabel.h */ = {isa = PBXFileReference; fileEncoding = 4; lastKnownFileType = sourcecode.c.h; path = BWUILabel.h; sourceTree = "<group>"; };
		32B4B0591B0B551E00723323 /* BWUILabel.m */ = {isa = PBXFileReference; fileEncoding = 4; lastKnownFileType = sourcecode.c.objc; path = BWUILabel.m; sourceTree = "<group>"; };
/* End PBXFileReference section */

/* Begin PBXFrameworksBuildPhase section */
		32AFCC0F1AB69CAF00227469 /* Frameworks */ = {
			isa = PBXFrameworksBuildPhase;
			buildActionMask = 2147483647;
			files = (
			);
			runOnlyForDeploymentPostprocessing = 0;
		};
		32AFCC2B1AB69CAF00227469 /* Frameworks */ = {
			isa = PBXFrameworksBuildPhase;
			buildActionMask = 2147483647;
			files = (
			);
			runOnlyForDeploymentPostprocessing = 0;
		};
/* End PBXFrameworksBuildPhase section */

/* Begin PBXGroup section */
		321B9EAC1AB830C1006B0560 /* AFNetworking */ = {
			isa = PBXGroup;
			children = (
				321B9EAD1AB830C1006B0560 /* AFHTTPRequestOperation.h */,
				321B9EAE1AB830C1006B0560 /* AFHTTPRequestOperation.m */,
				321B9EAF1AB830C1006B0560 /* AFHTTPRequestOperationManager.h */,
				321B9EB01AB830C1006B0560 /* AFHTTPRequestOperationManager.m */,
				321B9EB11AB830C1006B0560 /* AFHTTPSessionManager.h */,
				321B9EB21AB830C1006B0560 /* AFHTTPSessionManager.m */,
				321B9EB31AB830C1006B0560 /* AFNetworking.h */,
				321B9EB41AB830C1006B0560 /* AFNetworkReachabilityManager.h */,
				321B9EB51AB830C1006B0560 /* AFNetworkReachabilityManager.m */,
				321B9EB61AB830C1006B0560 /* AFSecurityPolicy.h */,
				321B9EB71AB830C1006B0560 /* AFSecurityPolicy.m */,
				321B9EB81AB830C1006B0560 /* AFURLConnectionOperation.h */,
				321B9EB91AB830C1006B0560 /* AFURLConnectionOperation.m */,
				321B9EBA1AB830C1006B0560 /* AFURLRequestSerialization.h */,
				321B9EBB1AB830C1006B0560 /* AFURLRequestSerialization.m */,
				321B9EBC1AB830C1006B0560 /* AFURLResponseSerialization.h */,
				321B9EBD1AB830C1006B0560 /* AFURLResponseSerialization.m */,
				321B9EBE1AB830C1006B0560 /* AFURLSessionManager.h */,
				321B9EBF1AB830C1006B0560 /* AFURLSessionManager.m */,
			);
			path = AFNetworking;
			sourceTree = "<group>";
		};
		32AFCC091AB69CAF00227469 = {
			isa = PBXGroup;
			children = (
				32AFCC141AB69CAF00227469 /* easyshanghai */,
				32AFCC311AB69CAF00227469 /* easyshanghaiTests */,
				32AFCC131AB69CAF00227469 /* Products */,
			);
			sourceTree = "<group>";
		};
		32AFCC131AB69CAF00227469 /* Products */ = {
			isa = PBXGroup;
			children = (
				32AFCC121AB69CAF00227469 /* easyshanghai.app */,
				32AFCC2E1AB69CAF00227469 /* easyshanghaiTests.xctest */,
			);
			name = Products;
			sourceTree = "<group>";
		};
		32AFCC141AB69CAF00227469 /* easyshanghai */ = {
			isa = PBXGroup;
			children = (
				32B4B0571B0B54F400723323 /* View */,
				32AFCCB31AB6A8C900227469 /* lib */,
				32AFCC3F1AB69FA800227469 /* assets */,
				32AFCC191AB69CAF00227469 /* AppDelegate.h */,
				32AFCC1A1AB69CAF00227469 /* AppDelegate.m */,
				32AFCC1C1AB69CAF00227469 /* HomeViewController.h */,
				32AFCC1D1AB69CAF00227469 /* HomeViewController.m */,
				32B4B04E1B0B3B1400723323 /* ReserveViewController.h */,
				32B4B04F1B0B3B1400723323 /* ReserveViewController.m */,
				32AFCC1F1AB69CAF00227469 /* NearbyViewController.h */,
				32AFCC201AB69CAF00227469 /* NearbyViewController.m */,
				32AFCC221AB69CAF00227469 /* Main.storyboard */,
				32AFCCB71AB6C1BB00227469 /* HomeHeadView.h */,
				32AFCCB81AB6C1BB00227469 /* HomeHeadView.m */,
				32AFCCB01AB6A4BB00227469 /* TabBarViewController.h */,
				32AFCCB11AB6A4BB00227469 /* TabBarViewController.m */,
				32AFCC251AB69CAF00227469 /* Images.xcassets */,
				32AFCC271AB69CAF00227469 /* LaunchScreen.xib */,
				32AFCC151AB69CAF00227469 /* Supporting Files */,
			);
			path = easyshanghai;
			sourceTree = "<group>";
		};
		32AFCC151AB69CAF00227469 /* Supporting Files */ = {
			isa = PBXGroup;
			children = (
				32AFCC161AB69CAF00227469 /* Info.plist */,
				32AFCC171AB69CAF00227469 /* main.m */,
				321B9ECC1AB8318F006B0560 /* base.plist */,
			);
			name = "Supporting Files";
			sourceTree = "<group>";
		};
		32AFCC311AB69CAF00227469 /* easyshanghaiTests */ = {
			isa = PBXGroup;
			children = (
				32AFCC341AB69CAF00227469 /* easyshanghaiTests.m */,
				32AFCC321AB69CAF00227469 /* Supporting Files */,
			);
			path = easyshanghaiTests;
			sourceTree = "<group>";
		};
		32AFCC321AB69CAF00227469 /* Supporting Files */ = {
			isa = PBXGroup;
			children = (
				32AFCC331AB69CAF00227469 /* Info.plist */,
			);
			name = "Supporting Files";
			sourceTree = "<group>";
		};
		32AFCC3F1AB69FA800227469 /* assets */ = {
			isa = PBXGroup;
			children = (
				32B4B0511B0B4EFE00723323 /* reserve-date.png */,
				32B4B0521B0B4EFE00723323 /* reserve-plus.png */,
				32B4B0531B0B4EFE00723323 /* reserve-time.png */,
				32B4B0461B0B2BCC00723323 /* home-deals.png */,
				32B4B0471B0B2BCC00723323 /* home-new.png */,
				32B4B0481B0B2BCC00723323 /* home-pickup.png */,
				32B4B0491B0B2BCC00723323 /* home-restaurant.png */,
				32AFCC401AB69FA800227469 /* btn-next.png */,
				32AFCC411AB69FA800227469 /* btn-prev.png */,
				32AFCC421AB69FA800227469 /* Default-568h@2x.png */,
				32AFCC431AB69FA800227469 /* Default-667h@2x.png */,
				32AFCC441AB69FA800227469 /* Default.png */,
				32AFCC451AB69FA800227469 /* Default@2x.png */,
				32AFCC461AB69FA800227469 /* home-activity.jpg */,
				32AFCC471AB69FA800227469 /* home-ad1.jpg */,
				32AFCC481AB69FA800227469 /* home-ad2.jpg */,
				32AFCC491AB69FA800227469 /* home-ad3.jpg */,
				32AFCC4A1AB69FA800227469 /* home-banner.jpg */,
				32AFCC4B1AB69FA800227469 /* icon-add.png */,
				32AFCC4C1AB69FA800227469 /* icon-booking.png */,
				32AFCC4D1AB69FA800227469 /* icon-delivery.png */,
				32AFCC4E1AB69FA800227469 /* icon-detail-booking.png */,
				32AFCC4F1AB69FA800227469 /* icon-detail-call.png */,
				32AFCC501AB69FA800227469 /* icon-detail-explore.png */,
				32AFCC511AB69FA800227469 /* icon-detail-favorite.png */,
				32AFCC521AB69FA800227469 /* icon-detail-location.png */,
				32AFCC531AB69FA800227469 /* icon-detail-message.png */,
				32AFCC541AB69FA800227469 /* icon-detail-photo.png */,
				32AFCC551AB69FA800227469 /* icon-detail-review.png */,
				32AFCC561AB69FA800227469 /* icon-detail-taxi.png */,
				32AFCC571AB69FA800227469 /* icon-detail-time.png */,
				32AFCC581AB69FA800227469 /* icon-detail-wechat.png */,
				32AFCC591AB69FA800227469 /* icon-event.png */,
				32AFCC5A1AB69FA800227469 /* icon-promotion.png */,
				32AFCC5B1AB69FA800227469 /* icon-restaurant.png */,
				32AFCC5C1AB69FA800227469 /* icon-search.png */,
				32AFCC5D1AB69FA800227469 /* icon-shop-comments.png */,
				32AFCC5E1AB69FA800227469 /* icon-shop-favorite.png */,
				32AFCC5F1AB69FA800227469 /* logo.png */,
				32AFCC601AB69FA800227469 /* nav-bg.png */,
				32AFCC611AB69FA800227469 /* nav-bg@2x.png */,
				32AFCC621AB69FA800227469 /* nav-home.png */,
				32AFCC631AB69FA800227469 /* nav-home@2x.png */,
				32AFCC641AB69FA800227469 /* nav-home@3x.png */,
				32AFCC651AB69FA800227469 /* nav-me.png */,
				32AFCC661AB69FA800227469 /* nav-me@2x.png */,
				32AFCC671AB69FA800227469 /* nav-me@3x.png */,
				32AFCC681AB69FA800227469 /* nav-middle-bg.png */,
				32AFCC691AB69FA800227469 /* nav-middle.png */,
				32AFCC6A1AB69FA800227469 /* nav-middle@2x.png */,
				32AFCC6B1AB69FA800227469 /* nav-middle@3x.png */,
				32AFCC6C1AB69FA800227469 /* nav-more.png */,
				32AFCC6D1AB69FA800227469 /* nav-more@2x.png */,
				32AFCC6E1AB69FA800227469 /* nav-more@3x.png */,
				32AFCC6F1AB69FA800227469 /* nav-nearby.png */,
				32AFCC701AB69FA800227469 /* nav-nearby@2x.png */,
				32AFCC711AB69FA800227469 /* nav-nearby@3x.png */,
				32AFCC721AB69FA800227469 /* star0.png */,
				32AFCC731AB69FA800227469 /* star1.png */,
				32AFCC741AB69FA800227469 /* star2.png */,
				32AFCC751AB69FA800227469 /* star3.png */,
				32AFCC761AB69FA800227469 /* star4.png */,
				32AFCC771AB69FA800227469 /* star5.png */,
			);
			path = assets;
			sourceTree = "<group>";
		};
		32AFCCB31AB6A8C900227469 /* lib */ = {
			isa = PBXGroup;
			children = (
				321B9EAC1AB830C1006B0560 /* AFNetworking */,
				321B9EC01AB830C1006B0560 /* AFNetworkTool.h */,
				321B9EC11AB830C1006B0560 /* AFNetworkTool.m */,
				32AFCCB61AB6A8F500227469 /* BWCommon.h */,
				32AFCCB41AB6A8E400227469 /* BWCommon.m */,
			);
			path = lib;
			sourceTree = "<group>";
		};
		32B4B0571B0B54F400723323 /* View */ = {
			isa = PBXGroup;
			children = (
				32B4B0581B0B551E00723323 /* BWUILabel.h */,
				32B4B0591B0B551E00723323 /* BWUILabel.m */,
			);
			name = View;
			sourceTree = "<group>";
		};
/* End PBXGroup section */

/* Begin PBXNativeTarget section */
		32AFCC111AB69CAF00227469 /* easyshanghai */ = {
			isa = PBXNativeTarget;
			buildConfigurationList = 32AFCC381AB69CAF00227469 /* Build configuration list for PBXNativeTarget "easyshanghai" */;
			buildPhases = (
				32AFCC0E1AB69CAF00227469 /* Sources */,
				32AFCC0F1AB69CAF00227469 /* Frameworks */,
				32AFCC101AB69CAF00227469 /* Resources */,
			);
			buildRules = (
			);
			dependencies = (
			);
			name = easyshanghai;
			productName = easyshanghai;
			productReference = 32AFCC121AB69CAF00227469 /* easyshanghai.app */;
			productType = "com.apple.product-type.application";
		};
		32AFCC2D1AB69CAF00227469 /* easyshanghaiTests */ = {
			isa = PBXNativeTarget;
			buildConfigurationList = 32AFCC3B1AB69CAF00227469 /* Build configuration list for PBXNativeTarget "easyshanghaiTests" */;
			buildPhases = (
				32AFCC2A1AB69CAF00227469 /* Sources */,
				32AFCC2B1AB69CAF00227469 /* Frameworks */,
				32AFCC2C1AB69CAF00227469 /* Resources */,
			);
			buildRules = (
			);
			dependencies = (
				32AFCC301AB69CAF00227469 /* PBXTargetDependency */,
			);
			name = easyshanghaiTests;
			productName = easyshanghaiTests;
			productReference = 32AFCC2E1AB69CAF00227469 /* easyshanghaiTests.xctest */;
			productType = "com.apple.product-type.bundle.unit-test";
		};
/* End PBXNativeTarget section */

/* Begin PBXProject section */
		32AFCC0A1AB69CAF00227469 /* Project object */ = {
			isa = PBXProject;
			attributes = {
				LastUpgradeCheck = 0610;
				ORGANIZATIONNAME = "shanghai baiwei network technology";
				TargetAttributes = {
					32AFCC111AB69CAF00227469 = {
						CreatedOnToolsVersion = 6.1.1;
						DevelopmentTeam = T5U7VTGQMY;
					};
					32AFCC2D1AB69CAF00227469 = {
						CreatedOnToolsVersion = 6.1.1;
						TestTargetID = 32AFCC111AB69CAF00227469;
					};
				};
			};
			buildConfigurationList = 32AFCC0D1AB69CAF00227469 /* Build configuration list for PBXProject "easyshanghai" */;
			compatibilityVersion = "Xcode 3.2";
			developmentRegion = English;
			hasScannedForEncodings = 0;
			knownRegions = (
				en,
				Base,
			);
			mainGroup = 32AFCC091AB69CAF00227469;
			productRefGroup = 32AFCC131AB69CAF00227469 /* Products */;
			projectDirPath = "";
			projectRoot = "";
			targets = (
				32AFCC111AB69CAF00227469 /* easyshanghai */,
				32AFCC2D1AB69CAF00227469 /* easyshanghaiTests */,
			);
		};
/* End PBXProject section */

/* Begin PBXResourcesBuildPhase section */
		32AFCC101AB69CAF00227469 /* Resources */ = {
			isa = PBXResourcesBuildPhase;
			buildActionMask = 2147483647;
			files = (
				32AFCCA91AB69FA800227469 /* nav-nearby@3x.png in Resources */,
				32AFCC241AB69CAF00227469 /* Main.storyboard in Resources */,
				32AFCC861AB69FA800227469 /* icon-detail-booking.png in Resources */,
				32AFCC9D1AB69FA800227469 /* nav-me.png in Resources */,
				32AFCC7E1AB69FA800227469 /* home-activity.jpg in Resources */,
				32AFCCA41AB69FA800227469 /* nav-more.png in Resources */,
				32AFCC931AB69FA800227469 /* icon-restaurant.png in Resources */,
				32AFCCAF1AB69FA800227469 /* star5.png in Resources */,
				32AFCC881AB69FA800227469 /* icon-detail-explore.png in Resources */,
				32AFCCAC1AB69FA800227469 /* star2.png in Resources */,
				32AFCC841AB69FA800227469 /* icon-booking.png in Resources */,
				32AFCC811AB69FA800227469 /* home-ad3.jpg in Resources */,
				32B4B0541B0B4EFE00723323 /* reserve-date.png in Resources */,
				32AFCC891AB69FA800227469 /* icon-detail-favorite.png in Resources */,
				32AFCC8F1AB69FA800227469 /* icon-detail-time.png in Resources */,
				32AFCC9E1AB69FA800227469 /* nav-me@2x.png in Resources */,
				32B4B0551B0B4EFE00723323 /* reserve-plus.png in Resources */,
				32AFCC911AB69FA800227469 /* icon-event.png in Resources */,
				32AFCC8E1AB69FA800227469 /* icon-detail-taxi.png in Resources */,
				32B4B04A1B0B2BCC00723323 /* home-deals.png in Resources */,
				32AFCC971AB69FA800227469 /* logo.png in Resources */,
				32AFCC791AB69FA800227469 /* btn-prev.png in Resources */,
				32AFCC951AB69FA800227469 /* icon-shop-comments.png in Resources */,
				32AFCC7B1AB69FA800227469 /* Default-667h@2x.png in Resources */,
				32AFCC901AB69FA800227469 /* icon-detail-wechat.png in Resources */,
				32AFCC9C1AB69FA800227469 /* nav-home@3x.png in Resources */,
				32AFCCAE1AB69FA800227469 /* star4.png in Resources */,
				32B4B04B1B0B2BCC00723323 /* home-new.png in Resources */,
				32AFCC991AB69FA800227469 /* nav-bg@2x.png in Resources */,
				32AFCCA31AB69FA800227469 /* nav-middle@3x.png in Resources */,
				32AFCC941AB69FA800227469 /* icon-search.png in Resources */,
				32AFCCAD1AB69FA800227469 /* star3.png in Resources */,
				32AFCC7D1AB69FA800227469 /* Default@2x.png in Resources */,
				32AFCCA61AB69FA800227469 /* nav-more@3x.png in Resources */,
				32AFCCAB1AB69FA800227469 /* star1.png in Resources */,
				32AFCC821AB69FA800227469 /* home-banner.jpg in Resources */,
				32B4B04C1B0B2BCC00723323 /* home-pickup.png in Resources */,
				32AFCC7C1AB69FA800227469 /* Default.png in Resources */,
				32AFCC9F1AB69FA800227469 /* nav-me@3x.png in Resources */,
				32B4B04D1B0B2BCC00723323 /* home-restaurant.png in Resources */,
				32AFCC7F1AB69FA800227469 /* home-ad1.jpg in Resources */,
				32AFCC9B1AB69FA800227469 /* nav-home@2x.png in Resources */,
				32AFCC9A1AB69FA800227469 /* nav-home.png in Resources */,
				32AFCC291AB69CAF00227469 /* LaunchScreen.xib in Resources */,
				32AFCC801AB69FA800227469 /* home-ad2.jpg in Resources */,
				32AFCC851AB69FA800227469 /* icon-delivery.png in Resources */,
				32AFCCA21AB69FA800227469 /* nav-middle@2x.png in Resources */,
				32AFCC8C1AB69FA800227469 /* icon-detail-photo.png in Resources */,
				32AFCC961AB69FA800227469 /* icon-shop-favorite.png in Resources */,
				321B9ECD1AB8318F006B0560 /* base.plist in Resources */,
				32AFCC8A1AB69FA800227469 /* icon-detail-location.png in Resources */,
				32AFCC871AB69FA800227469 /* icon-detail-call.png in Resources */,
				32AFCC981AB69FA800227469 /* nav-bg.png in Resources */,
				32AFCC8D1AB69FA800227469 /* icon-detail-review.png in Resources */,
				32AFCC8B1AB69FA800227469 /* icon-detail-message.png in Resources */,
				32AFCCA71AB69FA800227469 /* nav-nearby.png in Resources */,
				32AFCCA11AB69FA800227469 /* nav-middle.png in Resources */,
				32AFCC261AB69CAF00227469 /* Images.xcassets in Resources */,
				32AFCCAA1AB69FA800227469 /* star0.png in Resources */,
				32AFCCA01AB69FA800227469 /* nav-middle-bg.png in Resources */,
				32AFCC781AB69FA800227469 /* btn-next.png in Resources */,
				32AFCCA51AB69FA800227469 /* nav-more@2x.png in Resources */,
				32AFCC7A1AB69FA800227469 /* Default-568h@2x.png in Resources */,
				32AFCCA81AB69FA800227469 /* nav-nearby@2x.png in Resources */,
				32AFCC921AB69FA800227469 /* icon-promotion.png in Resources */,
				32B4B0561B0B4EFE00723323 /* reserve-time.png in Resources */,
				32AFCC831AB69FA800227469 /* icon-add.png in Resources */,
			);
			runOnlyForDeploymentPostprocessing = 0;
		};
		32AFCC2C1AB69CAF00227469 /* Resources */ = {
			isa = PBXResourcesBuildPhase;
			buildActionMask = 2147483647;
			files = (
			);
			runOnlyForDeploymentPostprocessing = 0;
		};
/* End PBXResourcesBuildPhase section */

/* Begin PBXSourcesBuildPhase section */
		32AFCC0E1AB69CAF00227469 /* Sources */ = {
			isa = PBXSourcesBuildPhase;
			buildActionMask = 2147483647;
			files = (
				321B9EC71AB830C1006B0560 /* AFURLConnectionOperation.m in Sources */,
				32AFCCB21AB6A4BB00227469 /* TabBarViewController.m in Sources */,
				32AFCC211AB69CAF00227469 /* NearbyViewController.m in Sources */,
				32AFCCB51AB6A8E400227469 /* BWCommon.m in Sources */,
				321B9EC91AB830C1006B0560 /* AFURLResponseSerialization.m in Sources */,
				32B4B0501B0B3B1400723323 /* ReserveViewController.m in Sources */,
				32AFCC1B1AB69CAF00227469 /* AppDelegate.m in Sources */,
				321B9EC81AB830C1006B0560 /* AFURLRequestSerialization.m in Sources */,
				321B9EC61AB830C1006B0560 /* AFSecurityPolicy.m in Sources */,
				321B9EC21AB830C1006B0560 /* AFHTTPRequestOperation.m in Sources */,
				32B4B05A1B0B551E00723323 /* BWUILabel.m in Sources */,
				321B9ECA1AB830C1006B0560 /* AFURLSessionManager.m in Sources */,
				32AFCCB91AB6C1BB00227469 /* HomeHeadView.m in Sources */,
				32AFCC1E1AB69CAF00227469 /* HomeViewController.m in Sources */,
				321B9EC41AB830C1006B0560 /* AFHTTPSessionManager.m in Sources */,
				32AFCC181AB69CAF00227469 /* main.m in Sources */,
				321B9EC51AB830C1006B0560 /* AFNetworkReachabilityManager.m in Sources */,
				321B9EC31AB830C1006B0560 /* AFHTTPRequestOperationManager.m in Sources */,
				321B9ECB1AB830C1006B0560 /* AFNetworkTool.m in Sources */,
			);
			runOnlyForDeploymentPostprocessing = 0;
		};
		32AFCC2A1AB69CAF00227469 /* Sources */ = {
			isa = PBXSourcesBuildPhase;
			buildActionMask = 2147483647;
			files = (
				32AFCC351AB69CAF00227469 /* easyshanghaiTests.m in Sources */,
			);
			runOnlyForDeploymentPostprocessing = 0;
		};
/* End PBXSourcesBuildPhase section */

/* Begin PBXTargetDependency section */
		32AFCC301AB69CAF00227469 /* PBXTargetDependency */ = {
			isa = PBXTargetDependency;
			target = 32AFCC111AB69CAF00227469 /* easyshanghai */;
			targetProxy = 32AFCC2F1AB69CAF00227469 /* PBXContainerItemProxy */;
		};
/* End PBXTargetDependency section */

/* Begin PBXVariantGroup section */
		32AFCC221AB69CAF00227469 /* Main.storyboard */ = {
			isa = PBXVariantGroup;
			children = (
				32AFCC231AB69CAF00227469 /* Base */,
			);
			name = Main.storyboard;
			sourceTree = "<group>";
		};
		32AFCC271AB69CAF00227469 /* LaunchScreen.xib */ = {
			isa = PBXVariantGroup;
			children = (
				32AFCC281AB69CAF00227469 /* Base */,
			);
			name = LaunchScreen.xib;
			sourceTree = "<group>";
		};
/* End PBXVariantGroup section */

/* Begin XCBuildConfiguration section */
		32AFCC361AB69CAF00227469 /* Debug */ = {
			isa = XCBuildConfiguration;
			buildSettings = {
				ALWAYS_SEARCH_USER_PATHS = NO;
				CLANG_CXX_LANGUAGE_STANDARD = "gnu++0x";
				CLANG_CXX_LIBRARY = "libc++";
				CLANG_ENABLE_MODULES = YES;
				CLANG_ENABLE_OBJC_ARC = YES;
				CLANG_WARN_BOOL_CONVERSION = YES;
				CLANG_WARN_CONSTANT_CONVERSION = YES;
				CLANG_WARN_DIRECT_OBJC_ISA_USAGE = YES_ERROR;
				CLANG_WARN_EMPTY_BODY = YES;
				CLANG_WARN_ENUM_CONVERSION = YES;
				CLANG_WARN_INT_CONVERSION = YES;
				CLANG_WARN_OBJC_ROOT_CLASS = YES_ERROR;
				CLANG_WARN_UNREACHABLE_CODE = YES;
				CLANG_WARN__DUPLICATE_METHOD_MATCH = YES;
				"CODE_SIGN_IDENTITY[sdk=iphoneos*]" = "iPhone Developer";
				COPY_PHASE_STRIP = NO;
				ENABLE_STRICT_OBJC_MSGSEND = YES;
				GCC_C_LANGUAGE_STANDARD = gnu99;
				GCC_DYNAMIC_NO_PIC = NO;
				GCC_OPTIMIZATION_LEVEL = 0;
				GCC_PREPROCESSOR_DEFINITIONS = (
					"DEBUG=1",
					"$(inherited)",
				);
				GCC_SYMBOLS_PRIVATE_EXTERN = NO;
				GCC_WARN_64_TO_32_BIT_CONVERSION = YES;
				GCC_WARN_ABOUT_RETURN_TYPE = YES_ERROR;
				GCC_WARN_UNDECLARED_SELECTOR = YES;
				GCC_WARN_UNINITIALIZED_AUTOS = YES_AGGRESSIVE;
				GCC_WARN_UNUSED_FUNCTION = YES;
				GCC_WARN_UNUSED_VARIABLE = YES;
				IPHONEOS_DEPLOYMENT_TARGET = 8.1;
				MTL_ENABLE_DEBUG_INFO = YES;
				ONLY_ACTIVE_ARCH = YES;
				SDKROOT = iphoneos;
			};
			name = Debug;
		};
		32AFCC371AB69CAF00227469 /* Release */ = {
			isa = XCBuildConfiguration;
			buildSettings = {
				ALWAYS_SEARCH_USER_PATHS = NO;
				CLANG_CXX_LANGUAGE_STANDARD = "gnu++0x";
				CLANG_CXX_LIBRARY = "libc++";
				CLANG_ENABLE_MODULES = YES;
				CLANG_ENABLE_OBJC_ARC = YES;
				CLANG_WARN_BOOL_CONVERSION = YES;
				CLANG_WARN_CONSTANT_CONVERSION = YES;
				CLANG_WARN_DIRECT_OBJC_ISA_USAGE = YES_ERROR;
				CLANG_WARN_EMPTY_BODY = YES;
				CLANG_WARN_ENUM_CONVERSION = YES;
				CLANG_WARN_INT_CONVERSION = YES;
				CLANG_WARN_OBJC_ROOT_CLASS = YES_ERROR;
				CLANG_WARN_UNREACHABLE_CODE = YES;
				CLANG_WARN__DUPLICATE_METHOD_MATCH = YES;
				"CODE_SIGN_IDENTITY[sdk=iphoneos*]" = "iPhone Developer";
				COPY_PHASE_STRIP = YES;
				ENABLE_NS_ASSERTIONS = NO;
				ENABLE_STRICT_OBJC_MSGSEND = YES;
				GCC_C_LANGUAGE_STANDARD = gnu99;
				GCC_WARN_64_TO_32_BIT_CONVERSION = YES;
				GCC_WARN_ABOUT_RETURN_TYPE = YES_ERROR;
				GCC_WARN_UNDECLARED_SELECTOR = YES;
				GCC_WARN_UNINITIALIZED_AUTOS = YES_AGGRESSIVE;
				GCC_WARN_UNUSED_FUNCTION = YES;
				GCC_WARN_UNUSED_VARIABLE = YES;
				IPHONEOS_DEPLOYMENT_TARGET = 8.1;
				MTL_ENABLE_DEBUG_INFO = NO;
				SDKROOT = iphoneos;
				VALIDATE_PRODUCT = YES;
			};
			name = Release;
		};
		32AFCC391AB69CAF00227469 /* Debug */ = {
			isa = XCBuildConfiguration;
			buildSettings = {
				ASSETCATALOG_COMPILER_APPICON_NAME = AppIcon;
				ASSETCATALOG_COMPILER_LAUNCHIMAGE_NAME = LaunchImage;
				CODE_SIGN_IDENTITY = "iPhone Developer";
				INFOPLIST_FILE = easyshanghai/Info.plist;
				IPHONEOS_DEPLOYMENT_TARGET = 8.1;
				LD_RUNPATH_SEARCH_PATHS = "$(inherited) @executable_path/Frameworks";
				PRODUCT_NAME = "$(TARGET_NAME)";
			};
			name = Debug;
		};
		32AFCC3A1AB69CAF00227469 /* Release */ = {
			isa = XCBuildConfiguration;
			buildSettings = {
				ASSETCATALOG_COMPILER_APPICON_NAME = AppIcon;
				ASSETCATALOG_COMPILER_LAUNCHIMAGE_NAME = LaunchImage;
				CODE_SIGN_IDENTITY = "iPhone Developer";
				INFOPLIST_FILE = easyshanghai/Info.plist;
				IPHONEOS_DEPLOYMENT_TARGET = 8.1;
				LD_RUNPATH_SEARCH_PATHS = "$(inherited) @executable_path/Frameworks";
				PRODUCT_NAME = "$(TARGET_NAME)";
			};
			name = Release;
		};
		32AFCC3C1AB69CAF00227469 /* Debug */ = {
			isa = XCBuildConfiguration;
			buildSettings = {
				BUNDLE_LOADER = "$(TEST_HOST)";
				FRAMEWORK_SEARCH_PATHS = (
					"$(SDKROOT)/Developer/Library/Frameworks",
					"$(inherited)",
				);
				GCC_PREPROCESSOR_DEFINITIONS = (
					"DEBUG=1",
					"$(inherited)",
				);
				INFOPLIST_FILE = easyshanghaiTests/Info.plist;
				LD_RUNPATH_SEARCH_PATHS = "$(inherited) @executable_path/Frameworks @loader_path/Frameworks";
				PRODUCT_NAME = "$(TARGET_NAME)";
				TEST_HOST = "$(BUILT_PRODUCTS_DIR)/easyshanghai.app/easyshanghai";
			};
			name = Debug;
		};
		32AFCC3D1AB69CAF00227469 /* Release */ = {
			isa = XCBuildConfiguration;
			buildSettings = {
				BUNDLE_LOADER = "$(TEST_HOST)";
				FRAMEWORK_SEARCH_PATHS = (
					"$(SDKROOT)/Developer/Library/Frameworks",
					"$(inherited)",
				);
				INFOPLIST_FILE = easyshanghaiTests/Info.plist;
				LD_RUNPATH_SEARCH_PATHS = "$(inherited) @executable_path/Frameworks @loader_path/Frameworks";
				PRODUCT_NAME = "$(TARGET_NAME)";
				TEST_HOST = "$(BUILT_PRODUCTS_DIR)/easyshanghai.app/easyshanghai";
			};
			name = Release;
		};
/* End XCBuildConfiguration section */

/* Begin XCConfigurationList section */
		32AFCC0D1AB69CAF00227469 /* Build configuration list for PBXProject "easyshanghai" */ = {
			isa = XCConfigurationList;
			buildConfigurations = (
				32AFCC361AB69CAF00227469 /* Debug */,
				32AFCC371AB69CAF00227469 /* Release */,
			);
			defaultConfigurationIsVisible = 0;
			defaultConfigurationName = Release;
		};
		32AFCC381AB69CAF00227469 /* Build configuration list for PBXNativeTarget "easyshanghai" */ = {
			isa = XCConfigurationList;
			buildConfigurations = (
				32AFCC391AB69CAF00227469 /* Debug */,
				32AFCC3A1AB69CAF00227469 /* Release */,
			);
			defaultConfigurationIsVisible = 0;
			defaultConfigurationName = Release;
		};
		32AFCC3B1AB69CAF00227469 /* Build configuration list for PBXNativeTarget "easyshanghaiTests" */ = {
			isa = XCConfigurationList;
			buildConfigurations = (
				32AFCC3C1AB69CAF00227469 /* Debug */,
				32AFCC3D1AB69CAF00227469 /* Release */,
			);
			defaultConfigurationIsVisible = 0;
			defaultConfigurationName = Release;
		};
/* End XCConfigurationList section */
	};
	rootObject = 32AFCC0A1AB69CAF00227469 /* Project object */;
}
